
Microsoft Visual Studio Solution File, Format Version 12.00
# Visual Studio Version 17
VisualStudioVersion = 17.8.34309.116
MinimumVisualStudioVersion = 10.0.40219.1
Project("{9A19103F-16F7-4668-BE54-9A1E7A4F7556}") = "TaskManagement", "TaskManagement\TaskManagement.csproj", "{E18ED973-81C8-42A9-BB7B-A6BE40F68507}"
EndProject
Project("{2150E333-8FDC-42A3-9474-1A3956D46DE8}") = "Docs", "Docs", "{F6F5F1E8-04AC-4E27-9534-EA374DDCD440}"
	ProjectSection(SolutionItems) = preProject
		CREATE and POPULATE.sql = CREATE and POPULATE.sql
	EndProjectSection
EndProject
Project("{FAE04EC0-301F-11D3-BF4B-00C04F79EFBC}") = "TaskManagement.WebApp.Server", "TaskManagement.WebApp\TaskManagement.WebApp.Server\TaskManagement.WebApp.Server.csproj", "{5DB3FD54-B322-4FF6-835E-278CBB4B0A31}"
EndProject
Project("{54A90642-561A-4BB1-A94E-469ADEE60C69}") = "taskmanagement.webapp.client", "TaskManagement.WebApp\taskmanagement.webapp.client\taskmanagement.webapp.client.esproj", "{6DDEB7AC-C8B6-4CCD-86A7-76A7619B2AE9}"
EndProject
Global
	GlobalSection(SolutionConfigurationPlatforms) = preSolution
		Debug|Any CPU = Debug|Any CPU
		Release|Any CPU = Release|Any CPU
	EndGlobalSection
	GlobalSection(ProjectConfigurationPlatforms) = postSolution
		{E18ED973-81C8-42A9-BB7B-A6BE40F68507}.Debug|Any CPU.ActiveCfg = Debug|Any CPU
		{E18ED973-81C8-42A9-BB7B-A6BE40F68507}.Debug|Any CPU.Build.0 = Debug|Any CPU
		{E18ED973-81C8-42A9-BB7B-A6BE40F68507}.Release|Any CPU.ActiveCfg = Release|Any CPU
		{E18ED973-81C8-42A9-BB7B-A6BE40F68507}.Release|Any CPU.Build.0 = Release|Any CPU
		{5DB3FD54-B322-4FF6-835E-278CBB4B0A31}.Debug|Any CPU.ActiveCfg = Debug|Any CPU
		{5DB3FD54-B322-4FF6-835E-278CBB4B0A31}.Debug|Any CPU.Build.0 = Debug|Any CPU
		{5DB3FD54-B322-4FF6-835E-278CBB4B0A31}.Release|Any CPU.ActiveCfg = Release|Any CPU
		{5DB3FD54-B322-4FF6-835E-278CBB4B0A31}.Release|Any CPU.Build.0 = Release|Any CPU
		{6DDEB7AC-C8B6-4CCD-86A7-76A7619B2AE9}.Debug|Any CPU.ActiveCfg = Debug|Any CPU
		{6DDEB7AC-C8B6-4CCD-86A7-76A7619B2AE9}.Debug|Any CPU.Build.0 = Debug|Any CPU
		{6DDEB7AC-C8B6-4CCD-86A7-76A7619B2AE9}.Debug|Any CPU.Deploy.0 = Debug|Any CPU
		{6DDEB7AC-C8B6-4CCD-86A7-76A7619B2AE9}.Release|Any CPU.ActiveCfg = Release|Any CPU
		{6DDEB7AC-C8B6-4CCD-86A7-76A7619B2AE9}.Release|Any CPU.Build.0 = Release|Any CPU
		{6DDEB7AC-C8B6-4CCD-86A7-76A7619B2AE9}.Release|Any CPU.Deploy.0 = Release|Any CPU
	EndGlobalSection
	GlobalSection(SolutionProperties) = preSolution
		HideSolutionNode = FALSE
	EndGlobalSection
	GlobalSection(ExtensibilityGlobals) = postSolution
		SolutionGuid = {3C28F715-9CE8-4F9A-9D40-C38407A44EF8}
	EndGlobalSection
EndGlobal
